// !$*UTF8*$!
{
	archiveVersion = 1;
	classes = {
	};
	objectVersion = 50;
	objects = {

/* Begin PBXBuildFile section */
		F4FBB07126130DB600CFF35C /* AppDelegate.swift in Sources */ = {isa = PBXBuildFile; fileRef = F4FBB07026130DB600CFF35C /* AppDelegate.swift */; };
		F4FBB07326130DB600CFF35C /* SceneDelegate.swift in Sources */ = {isa = PBXBuildFile; fileRef = F4FBB07226130DB600CFF35C /* SceneDelegate.swift */; };
		F4FBB07526130DB600CFF35C /* ViewController.swift in Sources */ = {isa = PBXBuildFile; fileRef = F4FBB07426130DB600CFF35C /* ViewController.swift */; };
		F4FBB07826130DB600CFF35C /* Main.storyboard in Resources */ = {isa = PBXBuildFile; fileRef = F4FBB07626130DB600CFF35C /* Main.storyboard */; };
		F4FBB07A26130DB800CFF35C /* Assets.xcassets in Resources */ = {isa = PBXBuildFile; fileRef = F4FBB07926130DB800CFF35C /* Assets.xcassets */; };
		F4FBB07D26130DB800CFF35C /* LaunchScreen.storyboard in Resources */ = {isa = PBXBuildFile; fileRef = F4FBB07B26130DB800CFF35C /* LaunchScreen.storyboard */; };
		F4FBB09826130F9600CFF35C /* MenuTableViewCell.swift in Sources */ = {isa = PBXBuildFile; fileRef = F4FBB09626130F9600CFF35C /* MenuTableViewCell.swift */; };
		F4FBB09926130F9600CFF35C /* MenuTableViewCell.xib in Resources */ = {isa = PBXBuildFile; fileRef = F4FBB09726130F9600CFF35C /* MenuTableViewCell.xib */; };
		F4FBB09D26130FA500CFF35C /* MenuHandler.swift in Sources */ = {isa = PBXBuildFile; fileRef = F4FBB09C26130FA500CFF35C /* MenuHandler.swift */; };
/* End PBXBuildFile section */

/* Begin PBXFileReference section */
		F4FBB06D26130DB600CFF35C /* begin.app */ = {isa = PBXFileReference; explicitFileType = wrapper.application; includeInIndex = 0; path = begin.app; sourceTree = BUILT_PRODUCTS_DIR; };
		F4FBB07026130DB600CFF35C /* AppDelegate.swift */ = {isa = PBXFileReference; lastKnownFileType = sourcecode.swift; path = AppDelegate.swift; sourceTree = "<group>"; };
		F4FBB07226130DB600CFF35C /* SceneDelegate.swift */ = {isa = PBXFileReference; lastKnownFileType = sourcecode.swift; path = SceneDelegate.swift; sourceTree = "<group>"; };
		F4FBB07426130DB600CFF35C /* ViewController.swift */ = {isa = PBXFileReference; lastKnownFileType = sourcecode.swift; path = ViewController.swift; sourceTree = "<group>"; };
		F4FBB07726130DB600CFF35C /* Base */ = {isa = PBXFileReference; lastKnownFileType = file.storyboard; name = Base; path = Base.lproj/Main.storyboard; sourceTree = "<group>"; };
		F4FBB07926130DB800CFF35C /* Assets.xcassets */ = {isa = PBXFileReference; lastKnownFileType = folder.assetcatalog; path = Assets.xcassets; sourceTree = "<group>"; };
		F4FBB07C26130DB800CFF35C /* Base */ = {isa = PBXFileReference; lastKnownFileType = file.storyboard; name = Base; path = Base.lproj/LaunchScreen.storyboard; sourceTree = "<group>"; };
		F4FBB07E26130DB800CFF35C /* Info.plist */ = {isa = PBXFileReference; lastKnownFileType = text.plist.xml; path = Info.plist; sourceTree = "<group>"; };
		F4FBB09626130F9600CFF35C /* MenuTableViewCell.swift */ = {isa = PBXFileReference; fileEncoding = 4; lastKnownFileType = sourcecode.swift; path = MenuTableViewCell.swift; sourceTree = "<group>"; };
		F4FBB09726130F9600CFF35C /* MenuTableViewCell.xib */ = {isa = PBXFileReference; fileEncoding = 4; lastKnownFileType = file.xib; path = MenuTableViewCell.xib; sourceTree = "<group>"; };
		F4FBB09C26130FA500CFF35C /* MenuHandler.swift */ = {isa = PBXFileReference; fileEncoding = 4; lastKnownFileType = sourcecode.swift; path = MenuHandler.swift; sourceTree = "<group>"; };
/* End PBXFileReference section */

/* Begin PBXFrameworksBuildPhase section */
		F4FBB06A26130DB600CFF35C /* Frameworks */ = {
			isa = PBXFrameworksBuildPhase;
			buildActionMask = 2147483647;
			files = (
			);
			runOnlyForDeploymentPostprocessing = 0;
		};
/* End PBXFrameworksBuildPhase section */

/* Begin PBXGroup section */
		F4FBB06426130DB600CFF35C = {
			isa = PBXGroup;
			children = (
				F4FBB06F26130DB600CFF35C /* begin */,
				F4FBB06E26130DB600CFF35C /* Products */,
			);
			sourceTree = "<group>";
		};
		F4FBB06E26130DB600CFF35C /* Products */ = {
			isa = PBXGroup;
			children = (
				F4FBB06D26130DB600CFF35C /* begin.app */,
			);
			name = Products;
			sourceTree = "<group>";
		};
		F4FBB06F26130DB600CFF35C /* begin */ = {
			isa = PBXGroup;
			children = (
				F4FBB09B26130F9B00CFF35C /* Models */,
				F4FBB09426130F5900CFF35C /* Views */,
				F4FBB08526130DD900CFF35C /* Controllers */,
				F4FBB07026130DB600CFF35C /* AppDelegate.swift */,
				F4FBB07226130DB600CFF35C /* SceneDelegate.swift */,
				F4FBB07626130DB600CFF35C /* Main.storyboard */,
				F4FBB07926130DB800CFF35C /* Assets.xcassets */,
				F4FBB07B26130DB800CFF35C /* LaunchScreen.storyboard */,
				F4FBB07E26130DB800CFF35C /* Info.plist */,
			);
			path = begin;
			sourceTree = "<group>";
		};
		F4FBB08526130DD900CFF35C /* Controllers */ = {
			isa = PBXGroup;
			children = (
				F4FBB07426130DB600CFF35C /* ViewController.swift */,
			);
			path = Controllers;
			sourceTree = "<group>";
		};
		F4FBB09426130F5900CFF35C /* Views */ = {
			isa = PBXGroup;
			children = (
				F4FBB09526130F8400CFF35C /* MenuListCell */,
			);
			path = Views;
			sourceTree = "<group>";
		};
		F4FBB09526130F8400CFF35C /* MenuListCell */ = {
			isa = PBXGroup;
			children = (
				F4FBB09626130F9600CFF35C /* MenuTableViewCell.swift */,
				F4FBB09726130F9600CFF35C /* MenuTableViewCell.xib */,
			);
			path = MenuListCell;
			sourceTree = "<group>";
		};
		F4FBB09B26130F9B00CFF35C /* Models */ = {
			isa = PBXGroup;
			children = (
				F4FBB09C26130FA500CFF35C /* MenuHandler.swift */,
			);
			path = Models;
			sourceTree = "<group>";
		};
/* End PBXGroup section */

/* Begin PBXNativeTarget section */
		F4FBB06C26130DB600CFF35C /* begin */ = {
			isa = PBXNativeTarget;
			buildConfigurationList = F4FBB08126130DB800CFF35C /* Build configuration list for PBXNativeTarget "begin" */;
			buildPhases = (
				F4FBB06926130DB600CFF35C /* Sources */,
				F4FBB06A26130DB600CFF35C /* Frameworks */,
				F4FBB06B26130DB600CFF35C /* Resources */,
			);
			buildRules = (
			);
			dependencies = (
			);
			name = begin;
			productName = begin;
			productReference = F4FBB06D26130DB600CFF35C /* begin.app */;
			productType = "com.apple.product-type.application";
		};
/* End PBXNativeTarget section */

/* Begin PBXProject section */
		F4FBB06526130DB600CFF35C /* Project object */ = {
			isa = PBXProject;
			attributes = {
				LastSwiftUpdateCheck = 1240;
				LastUpgradeCheck = 1240;
				TargetAttributes = {
					F4FBB06C26130DB600CFF35C = {
						CreatedOnToolsVersion = 12.4;
					};
				};
			};
			buildConfigurationList = F4FBB06826130DB600CFF35C /* Build configuration list for PBXProject "begin" */;
			compatibilityVersion = "Xcode 9.3";
			developmentRegion = en;
			hasScannedForEncodings = 0;
			knownRegions = (
				en,
				Base,
			);
			mainGroup = F4FBB06426130DB600CFF35C;
			productRefGroup = F4FBB06E26130DB600CFF35C /* Products */;
			projectDirPath = "";
			projectRoot = "";
			targets = (
				F4FBB06C26130DB600CFF35C /* begin */,
			);
		};
/* End PBXProject section */

/* Begin PBXResourcesBuildPhase section */
		F4FBB06B26130DB600CFF35C /* Resources */ = {
			isa = PBXResourcesBuildPhase;
			buildActionMask = 2147483647;
			files = (
				F4FBB07D26130DB800CFF35C /* LaunchScreen.storyboard in Resources */,
				F4FBB07A26130DB800CFF35C /* Assets.xcassets in Resources */,
				F4FBB09926130F9600CFF35C /* MenuTableViewCell.xib in Resources */,
				F4FBB07826130DB600CFF35C /* Main.storyboard in Resources */,
			);
			runOnlyForDeploymentPostprocessing = 0;
		};
/* End PBXResourcesBuildPhase section */

/* Begin PBXSourcesBuildPhase section */
		F4FBB06926130DB600CFF35C /* Sources */ = {
			isa = PBXSourcesBuildPhase;
			buildActionMask = 2147483647;
			files = (
				F4FBB07526130DB600CFF35C /* ViewController.swift in Sources */,
				F4FBB07126130DB600CFF35C /* AppDelegate.swift in Sources */,
				F4FBB09826130F9600CFF35C /* MenuTableViewCell.swift in Sources */,
				F4FBB07326130DB600CFF35C /* SceneDelegate.swift in Sources */,
				F4FBB09D26130FA500CFF35C /* MenuHandler.swift in Sources */,
			);
			runOnlyForDeploymentPostprocessing = 0;
		};
/* End PBXSourcesBuildPhase section */

/* Begin PBXVariantGroup section */
		F4FBB07626130DB600CFF35C /* Main.storyboard */ = {
			isa = PBXVariantGroup;
			children = (
				F4FBB07726130DB600CFF35C /* Base */,
			);
			name = Main.storyboard;
			sourceTree = "<group>";
		};
		F4FBB07B26130DB800CFF35C /* LaunchScreen.storyboard */ = {
			isa = PBXVariantGroup;
			children = (
				F4FBB07C26130DB800CFF35C /* Base */,
			);
			name = LaunchScreen.storyboard;
			sourceTree = "<group>";
		};
/* End PBXVariantGroup section */

/* Begin XCBuildConfiguration section */
		F4FBB07F26130DB800CFF35C /* Debug */ = {
			isa = XCBuildConfiguration;
			buildSettings = {
				ALWAYS_SEARCH_USER_PATHS = NO;
				CLANG_ANALYZER_NONNULL = YES;
				CLANG_ANALYZER_NUMBER_OBJECT_CONVERSION = YES_AGGRESSIVE;
				CLANG_CXX_LANGUAGE_STANDARD = "gnu++14";
				CLANG_CXX_LIBRARY = "libc++";
				CLANG_ENABLE_MODULES = YES;
				CLANG_ENABLE_OBJC_ARC = YES;
				CLANG_ENABLE_OBJC_WEAK = YES;
				CLANG_WARN_BLOCK_CAPTURE_AUTORELEASING = YES;
				CLANG_WARN_BOOL_CONVERSION = YES;
				CLANG_WARN_COMMA = YES;
				CLANG_WARN_CONSTANT_CONVERSION = YES;
				CLANG_WARN_DEPRECATED_OBJC_IMPLEMENTATIONS = YES;
				CLANG_WARN_DIRECT_OBJC_ISA_USAGE = YES_ERROR;
				CLANG_WARN_DOCUMENTATION_COMMENTS = YES;
				CLANG_WARN_EMPTY_BODY = YES;
				CLANG_WARN_ENUM_CONVERSION = YES;
				CLANG_WARN_INFINITE_RECURSION = YES;
				CLANG_WARN_INT_CONVERSION = YES;
				CLANG_WARN_NON_LITERAL_NULL_CONVERSION = YES;
				CLANG_WARN_OBJC_IMPLICIT_RETAIN_SELF = YES;
				CLANG_WARN_OBJC_LITERAL_CONVERSION = YES;
				CLANG_WARN_OBJC_ROOT_CLASS = YES_ERROR;
				CLANG_WARN_QUOTED_INCLUDE_IN_FRAMEWORK_HEADER = YES;
				CLANG_WARN_RANGE_LOOP_ANALYSIS = YES;
				CLANG_WARN_STRICT_PROTOTYPES = YES;
				CLANG_WARN_SUSPICIOUS_MOVE = YES;
				CLANG_WARN_UNGUARDED_AVAILABILITY = YES_AGGRESSIVE;
				CLANG_WARN_UNREACHABLE_CODE = YES;
				CLANG_WARN__DUPLICATE_METHOD_MATCH = YES;
				COPY_PHASE_STRIP = NO;
				DEBUG_INFORMATION_FORMAT = dwarf;
				ENABLE_STRICT_OBJC_MSGSEND = YES;
				ENABLE_TESTABILITY = YES;
				GCC_C_LANGUAGE_STANDARD = gnu11;
				GCC_DYNAMIC_NO_PIC = NO;
				GCC_NO_COMMON_BLOCKS = YES;
				GCC_OPTIMIZATION_LEVEL = 0;
				GCC_PREPROCESSOR_DEFINITIONS = (
					"DEBUG=1",
					"$(inherited)",
				);
				GCC_WARN_64_TO_32_BIT_CONVERSION = YES;
				GCC_WARN_ABOUT_RETURN_TYPE = YES_ERROR;
				GCC_WARN_UNDECLARED_SELECTOR = YES;
				GCC_WARN_UNINITIALIZED_AUTOS = YES_AGGRESSIVE;
				GCC_WARN_UNUSED_FUNCTION = YES;
				GCC_WARN_UNUSED_VARIABLE = YES;
				IPHONEOS_DEPLOYMENT_TARGET = 14.4;
				MTL_ENABLE_DEBUG_INFO = INCLUDE_SOURCE;
				MTL_FAST_MATH = YES;
				ONLY_ACTIVE_ARCH = YES;
				SDKROOT = iphoneos;
				SWIFT_ACTIVE_COMPILATION_CONDITIONS = DEBUG;
				SWIFT_OPTIMIZATION_LEVEL = "-Onone";
			};
			name = Debug;
		};
		F4FBB08026130DB800CFF35C /* Release */ = {
			isa = XCBuildConfiguration;
			buildSettings = {
				ALWAYS_SEARCH_USER_PATHS = NO;
				CLANG_ANALYZER_NONNULL = YES;
				CLANG_ANALYZER_NUMBER_OBJECT_CONVERSION = YES_AGGRESSIVE;
				CLANG_CXX_LANGUAGE_STANDARD = "gnu++14";
				CLANG_CXX_LIBRARY = "libc++";
				CLANG_ENABLE_MODULES = YES;
				CLANG_ENABLE_OBJC_ARC = YES;
				CLANG_ENABLE_OBJC_WEAK = YES;
				CLANG_WARN_BLOCK_CAPTURE_AUTORELEASING = YES;
				CLANG_WARN_BOOL_CONVERSION = YES;
				CLANG_WARN_COMMA = YES;
				CLANG_WARN_CONSTANT_CONVERSION = YES;
				CLANG_WARN_DEPRECATED_OBJC_IMPLEMENTATIONS = YES;
				CLANG_WARN_DIRECT_OBJC_ISA_USAGE = YES_ERROR;
				CLANG_WARN_DOCUMENTATION_COMMENTS = YES;
				CLANG_WARN_EMPTY_BODY = YES;
				CLANG_WARN_ENUM_CONVERSION = YES;
				CLANG_WARN_INFINITE_RECURSION = YES;
				CLANG_WARN_INT_CONVERSION = YES;
				CLANG_WARN_NON_LITERAL_NULL_CONVERSION = YES;
				CLANG_WARN_OBJC_IMPLICIT_RETAIN_SELF = YES;
				CLANG_WARN_OBJC_LITERAL_CONVERSION = YES;
				CLANG_WARN_OBJC_ROOT_CLASS = YES_ERROR;
				CLANG_WARN_QUOTED_INCLUDE_IN_FRAMEWORK_HEADER = YES;
				CLANG_WARN_RANGE_LOOP_ANALYSIS = YES;
				CLANG_WARN_STRICT_PROTOTYPES = YES;
				CLANG_WARN_SUSPICIOUS_MOVE = YES;
				CLANG_WARN_UNGUARDED_AVAILABILITY = YES_AGGRESSIVE;
				CLANG_WARN_UNREACHABLE_CODE = YES;
				CLANG_WARN__DUPLICATE_METHOD_MATCH = YES;
				COPY_PHASE_STRIP = NO;
				DEBUG_INFORMATION_FORMAT = "dwarf-with-dsym";
				ENABLE_NS_ASSERTIONS = NO;
				ENABLE_STRICT_OBJC_MSGSEND = YES;
				GCC_C_LANGUAGE_STANDARD = gnu11;
				GCC_NO_COMMON_BLOCKS = YES;
				GCC_WARN_64_TO_32_BIT_CONVERSION = YES;
				GCC_WARN_ABOUT_RETURN_TYPE = YES_ERROR;
				GCC_WARN_UNDECLARED_SELECTOR = YES;
				GCC_WARN_UNINITIALIZED_AUTOS = YES_AGGRESSIVE;
				GCC_WARN_UNUSED_FUNCTION = YES;
				GCC_WARN_UNUSED_VARIABLE = YES;
				IPHONEOS_DEPLOYMENT_TARGET = 14.4;
				MTL_ENABLE_DEBUG_INFO = NO;
				MTL_FAST_MATH = YES;
				SDKROOT = iphoneos;
				SWIFT_COMPILATION_MODE = wholemodule;
				SWIFT_OPTIMIZATION_LEVEL = "-O";
				VALIDATE_PRODUCT = YES;
			};
			name = Release;
		};
		F4FBB08226130DB800CFF35C /* Debug */ = {
			isa = XCBuildConfiguration;
			buildSettings = {
				ASSETCATALOG_COMPILER_APPICON_NAME = AppIcon;
				ASSETCATALOG_COMPILER_GLOBAL_ACCENT_COLOR_NAME = AccentColor;
				CODE_SIGN_STYLE = Automatic;
				DEVELOPMENT_TEAM = 8S6345R23K;
				INFOPLIST_FILE = begin/Info.plist;
				LD_RUNPATH_SEARCH_PATHS = (
					"$(inherited)",
					"@executable_path/Frameworks",
				);
				PRODUCT_BUNDLE_IDENTIFIER = "com.ting-chien.begin";
				PRODUCT_NAME = "$(TARGET_NAME)";
				SWIFT_VERSION = 5.0;
				TARGETED_DEVICE_FAMILY = "1,2";
			};
			name = Debug;
		};
		F4FBB08326130DB800CFF35C /* Release */ = {
			isa = XCBuildConfiguration;
			buildSettings = {
				ASSETCATALOG_COMPILER_APPICON_NAME = AppIcon;
				ASSETCATALOG_COMPILER_GLOBAL_ACCENT_COLOR_NAME = AccentColor;
				CODE_SIGN_STYLE = Automatic;
				DEVELOPMENT_TEAM = 8S6345R23K;
				INFOPLIST_FILE = begin/Info.plist;
				LD_RUNPATH_SEARCH_PATHS = (
					"$(inherited)",
					"@executable_path/Frameworks",
				);
				PRODUCT_BUNDLE_IDENTIFIER = "com.ting-chien.begin";
				PRODUCT_NAME = "$(TARGET_NAME)";
				SWIFT_VERSION = 5.0;
				TARGETED_DEVICE_FAMILY = "1,2";
			};
			name = Release;
		};
/* End XCBuildConfiguration section */

/* Begin XCConfigurationList section */
		F4FBB06826130DB600CFF35C /* Build configuration list for PBXProject "begin" */ = {
			isa = XCConfigurationList;
			buildConfigurations = (
				F4FBB07F26130DB800CFF35C /* Debug */,
				F4FBB08026130DB800CFF35C /* Release */,
			);
			defaultConfigurationIsVisible = 0;
			defaultConfigurationName = Release;
		};
		F4FBB08126130DB800CFF35C /* Build configuration list for PBXNativeTarget "begin" */ = {
			isa = XCConfigurationList;
			buildConfigurations = (
				F4FBB08226130DB800CFF35C /* Debug */,
				F4FBB08326130DB800CFF35C /* Release */,
			);
			defaultConfigurationIsVisible = 0;
			defaultConfigurationName = Release;
		};
/* End XCConfigurationList section */
	};
	rootObject = F4FBB06526130DB600CFF35C /* Project object */;
}
